// !$*UTF8*$!
{
	archiveVersion = 1;
	classes = {
	};
	objectVersion = 46;
	objects = {

/* Begin PBXBuildFile section */
		FD4295EE13239ACF00B8A790 /* ObjectiveNode.h in Headers */ = {isa = PBXBuildFile; fileRef = FD4295EC13239ACF00B8A790 /* ObjectiveNode.h */; settings = {ATTRIBUTES = (Public, ); }; };
		FD4295EF13239ACF00B8A790 /* ObjectiveNode.m in Sources */ = {isa = PBXBuildFile; fileRef = FD4295ED13239ACF00B8A790 /* ObjectiveNode.m */; };
		FD48CFC713234559004FACFB /* libcrypto.dylib in Frameworks */ = {isa = PBXBuildFile; fileRef = FD48CFC613234559004FACFB /* libcrypto.dylib */; };
		FD48CFC91323455F004FACFB /* libssl.dylib in Frameworks */ = {isa = PBXBuildFile; fileRef = FD48CFC81323455F004FACFB /* libssl.dylib */; };
		FD48CFCB13234567004FACFB /* libz.dylib in Frameworks */ = {isa = PBXBuildFile; fileRef = FD48CFCA13234567004FACFB /* libz.dylib */; };
		FD48CFD013234606004FACFB /* objective_node.h in Headers */ = {isa = PBXBuildFile; fileRef = FD48CFCE13234606004FACFB /* objective_node.h */; };
		FD48CFD113234606004FACFB /* objective_node.mm in Sources */ = {isa = PBXBuildFile; fileRef = FD48CFCF13234606004FACFB /* objective_node.mm */; };
		FD48CFE113234669004FACFB /* node_interface.h in Headers */ = {isa = PBXBuildFile; fileRef = FD48CFD813234669004FACFB /* node_interface.h */; };
		FD48CFE213234669004FACFB /* node_interface.mm in Sources */ = {isa = PBXBuildFile; fileRef = FD48CFD913234669004FACFB /* node_interface.mm */; };
		FD48CFE313234669004FACFB /* ExternalUTF16String.h in Headers */ = {isa = PBXBuildFile; fileRef = FD48CFDA13234669004FACFB /* ExternalUTF16String.h */; };
		FD48CFE413234669004FACFB /* node_ns_additions.h in Headers */ = {isa = PBXBuildFile; fileRef = FD48CFDB13234669004FACFB /* node_ns_additions.h */; };
		FD48CFE513234669004FACFB /* node_ns_additions.mm in Sources */ = {isa = PBXBuildFile; fileRef = FD48CFDC13234669004FACFB /* node_ns_additions.mm */; };
		FD48CFE613234669004FACFB /* NodeThread.h in Headers */ = {isa = PBXBuildFile; fileRef = FD48CFDD13234669004FACFB /* NodeThread.h */; };
		FD48CFE713234669004FACFB /* NodeThread.mm in Sources */ = {isa = PBXBuildFile; fileRef = FD48CFDE13234669004FACFB /* NodeThread.mm */; };
		FD48CFE813234669004FACFB /* NodeObjectProxy.h in Headers */ = {isa = PBXBuildFile; fileRef = FD48CFDF13234669004FACFB /* NodeObjectProxy.h */; };
		FD48CFE913234669004FACFB /* NodeObjectProxy.mm in Sources */ = {isa = PBXBuildFile; fileRef = FD48CFE013234669004FACFB /* NodeObjectProxy.mm */; };
		FD48CFF213234690004FACFB /* hcommon.h in Headers */ = {isa = PBXBuildFile; fileRef = FD48CFEB13234690004FACFB /* hcommon.h */; };
		FD48CFF313234690004FACFB /* common.h in Headers */ = {isa = PBXBuildFile; fileRef = FD48CFEC13234690004FACFB /* common.h */; };
		FD48CFF413234690004FACFB /* common.m in Sources */ = {isa = PBXBuildFile; fileRef = FD48CFED13234690004FACFB /* common.m */; };
		FD48CFF713234690004FACFB /* k_objc_prop.h in Headers */ = {isa = PBXBuildFile; fileRef = FD48CFF013234690004FACFB /* k_objc_prop.h */; };
		FD48CFF813234690004FACFB /* k_objc_prop.m in Sources */ = {isa = PBXBuildFile; fileRef = FD48CFF113234690004FACFB /* k_objc_prop.m */; };
		FD48CFFD132346E8004FACFB /* objective_node in CopyFiles */ = {isa = PBXBuildFile; fileRef = FD48CFD313234631004FACFB /* objective_node */; };
		FD81C86D13233F7600EB9C10 /* Cocoa.framework in Frameworks */ = {isa = PBXBuildFile; fileRef = FD81C86C13233F7600EB9C10 /* Cocoa.framework */; };
		FD81C87F13233F7600EB9C10 /* Cocoa.framework in Frameworks */ = {isa = PBXBuildFile; fileRef = FD81C86C13233F7600EB9C10 /* Cocoa.framework */; };
		FD81C88213233F7600EB9C10 /* ObjectiveNode.framework in Frameworks */ = {isa = PBXBuildFile; fileRef = FD81C86913233F7600EB9C10 /* ObjectiveNode.framework */; };
		FD81C88813233F7600EB9C10 /* InfoPlist.strings in Resources */ = {isa = PBXBuildFile; fileRef = FD81C88613233F7600EB9C10 /* InfoPlist.strings */; };
		FD81C88B13233F7600EB9C10 /* Objective_NodeTests.h in Resources */ = {isa = PBXBuildFile; fileRef = FD81C88A13233F7600EB9C10 /* Objective_NodeTests.h */; };
		FD81C88D13233F7600EB9C10 /* Objective_NodeTests.m in Sources */ = {isa = PBXBuildFile; fileRef = FD81C88C13233F7600EB9C10 /* Objective_NodeTests.m */; };
/* End PBXBuildFile section */

/* Begin PBXContainerItemProxy section */
		FD48CFFE132346F5004FACFB /* PBXContainerItemProxy */ = {
			isa = PBXContainerItemProxy;
			containerPortal = FD81C85F13233F7600EB9C10 /* Project object */;
			proxyType = 1;
			remoteGlobalIDString = FD48CFC0132342A7004FACFB;
			remoteInfo = Node;
		};
		FD81C88013233F7600EB9C10 /* PBXContainerItemProxy */ = {
			isa = PBXContainerItemProxy;
			containerPortal = FD81C85F13233F7600EB9C10 /* Project object */;
			proxyType = 1;
			remoteGlobalIDString = FD81C86813233F7600EB9C10;
			remoteInfo = "Objective Node";
		};
/* End PBXContainerItemProxy section */

/* Begin PBXCopyFilesBuildPhase section */
		FD48CFFC132346DD004FACFB /* CopyFiles */ = {
			isa = PBXCopyFilesBuildPhase;
			buildActionMask = 2147483647;
			dstPath = objective_node;
			dstSubfolderSpec = 12;
			files = (
				FD48CFFD132346E8004FACFB /* objective_node in CopyFiles */,
			);
			runOnlyForDeploymentPostprocessing = 0;
		};
/* End PBXCopyFilesBuildPhase section */

/* Begin PBXFileReference section */
		FD4295EC13239ACF00B8A790 /* ObjectiveNode.h */ = {isa = PBXFileReference; fileEncoding = 4; lastKnownFileType = sourcecode.c.h; path = ObjectiveNode.h; sourceTree = "<group>"; };
		FD4295ED13239ACF00B8A790 /* ObjectiveNode.m */ = {isa = PBXFileReference; fileEncoding = 4; lastKnownFileType = sourcecode.c.objc; path = ObjectiveNode.m; sourceTree = "<group>"; };
		FD48CFC613234559004FACFB /* libcrypto.dylib */ = {isa = PBXFileReference; lastKnownFileType = "compiled.mach-o.dylib"; name = libcrypto.dylib; path = /usr/lib/libcrypto.dylib; sourceTree = "<absolute>"; };
		FD48CFC81323455F004FACFB /* libssl.dylib */ = {isa = PBXFileReference; lastKnownFileType = "compiled.mach-o.dylib"; name = libssl.dylib; path = /usr/lib/libssl.dylib; sourceTree = "<absolute>"; };
		FD48CFCA13234567004FACFB /* libz.dylib */ = {isa = PBXFileReference; lastKnownFileType = "compiled.mach-o.dylib"; name = libz.dylib; path = /usr/lib/libz.dylib; sourceTree = "<absolute>"; };
		FD48CFCE13234606004FACFB /* objective_node.h */ = {isa = PBXFileReference; fileEncoding = 4; lastKnownFileType = sourcecode.c.h; path = objective_node.h; sourceTree = "<group>"; };
		FD48CFCF13234606004FACFB /* objective_node.mm */ = {isa = PBXFileReference; fileEncoding = 4; lastKnownFileType = sourcecode.cpp.objcpp; path = objective_node.mm; sourceTree = "<group>"; };
		FD48CFD313234631004FACFB /* objective_node */ = {isa = PBXFileReference; lastKnownFileType = folder; path = objective_node; sourceTree = "<group>"; };
		FD48CFD813234669004FACFB /* node_interface.h */ = {isa = PBXFileReference; fileEncoding = 4; lastKnownFileType = sourcecode.c.h; path = node_interface.h; sourceTree = "<group>"; };
		FD48CFD913234669004FACFB /* node_interface.mm */ = {isa = PBXFileReference; fileEncoding = 4; lastKnownFileType = sourcecode.cpp.objcpp; path = node_interface.mm; sourceTree = "<group>"; };
		FD48CFDA13234669004FACFB /* ExternalUTF16String.h */ = {isa = PBXFileReference; fileEncoding = 4; lastKnownFileType = sourcecode.c.h; path = ExternalUTF16String.h; sourceTree = "<group>"; };
		FD48CFDB13234669004FACFB /* node_ns_additions.h */ = {isa = PBXFileReference; fileEncoding = 4; lastKnownFileType = sourcecode.c.h; path = node_ns_additions.h; sourceTree = "<group>"; };
		FD48CFDC13234669004FACFB /* node_ns_additions.mm */ = {isa = PBXFileReference; fileEncoding = 4; lastKnownFileType = sourcecode.cpp.objcpp; path = node_ns_additions.mm; sourceTree = "<group>"; };
		FD48CFDD13234669004FACFB /* NodeThread.h */ = {isa = PBXFileReference; fileEncoding = 4; lastKnownFileType = sourcecode.c.h; path = NodeThread.h; sourceTree = "<group>"; };
		FD48CFDE13234669004FACFB /* NodeThread.mm */ = {isa = PBXFileReference; fileEncoding = 4; lastKnownFileType = sourcecode.cpp.objcpp; path = NodeThread.mm; sourceTree = "<group>"; };
		FD48CFDF13234669004FACFB /* NodeObjectProxy.h */ = {isa = PBXFileReference; fileEncoding = 4; lastKnownFileType = sourcecode.c.h; path = NodeObjectProxy.h; sourceTree = "<group>"; };
		FD48CFE013234669004FACFB /* NodeObjectProxy.mm */ = {isa = PBXFileReference; fileEncoding = 4; lastKnownFileType = sourcecode.cpp.objcpp; path = NodeObjectProxy.mm; sourceTree = "<group>"; };
		FD48CFEB13234690004FACFB /* hcommon.h */ = {isa = PBXFileReference; fileEncoding = 4; lastKnownFileType = sourcecode.c.h; path = hcommon.h; sourceTree = "<group>"; };
		FD48CFEC13234690004FACFB /* common.h */ = {isa = PBXFileReference; fileEncoding = 4; lastKnownFileType = sourcecode.c.h; path = common.h; sourceTree = "<group>"; };
		FD48CFED13234690004FACFB /* common.m */ = {isa = PBXFileReference; fileEncoding = 4; lastKnownFileType = sourcecode.c.objc; path = common.m; sourceTree = "<group>"; };
		FD48CFF013234690004FACFB /* k_objc_prop.h */ = {isa = PBXFileReference; fileEncoding = 4; lastKnownFileType = sourcecode.c.h; path = k_objc_prop.h; sourceTree = "<group>"; };
		FD48CFF113234690004FACFB /* k_objc_prop.m */ = {isa = PBXFileReference; fileEncoding = 4; lastKnownFileType = sourcecode.c.objc; path = k_objc_prop.m; sourceTree = "<group>"; };
		FD81C86913233F7600EB9C10 /* ObjectiveNode.framework */ = {isa = PBXFileReference; explicitFileType = wrapper.framework; includeInIndex = 0; path = ObjectiveNode.framework; sourceTree = BUILT_PRODUCTS_DIR; };
		FD81C86C13233F7600EB9C10 /* Cocoa.framework */ = {isa = PBXFileReference; lastKnownFileType = wrapper.framework; name = Cocoa.framework; path = System/Library/Frameworks/Cocoa.framework; sourceTree = SDKROOT; };
		FD81C86F13233F7600EB9C10 /* AppKit.framework */ = {isa = PBXFileReference; lastKnownFileType = wrapper.framework; name = AppKit.framework; path = System/Library/Frameworks/AppKit.framework; sourceTree = SDKROOT; };
		FD81C87013233F7600EB9C10 /* CoreData.framework */ = {isa = PBXFileReference; lastKnownFileType = wrapper.framework; name = CoreData.framework; path = System/Library/Frameworks/CoreData.framework; sourceTree = SDKROOT; };
		FD81C87113233F7600EB9C10 /* Foundation.framework */ = {isa = PBXFileReference; lastKnownFileType = wrapper.framework; name = Foundation.framework; path = System/Library/Frameworks/Foundation.framework; sourceTree = SDKROOT; };
		FD81C87413233F7600EB9C10 /* ObjectiveNode-Info.plist */ = {isa = PBXFileReference; lastKnownFileType = text.plist.xml; path = "ObjectiveNode-Info.plist"; sourceTree = "<group>"; };
		FD81C87813233F7600EB9C10 /* ObjectiveNode-Prefix.pch */ = {isa = PBXFileReference; lastKnownFileType = sourcecode.c.h; path = "ObjectiveNode-Prefix.pch"; sourceTree = "<group>"; };
		FD81C87E13233F7600EB9C10 /* ObjectiveNodeTests.octest */ = {isa = PBXFileReference; explicitFileType = wrapper.cfbundle; includeInIndex = 0; path = ObjectiveNodeTests.octest; sourceTree = BUILT_PRODUCTS_DIR; };
		FD81C88513233F7600EB9C10 /* Objective NodeTests-Info.plist */ = {isa = PBXFileReference; lastKnownFileType = text.plist.xml; path = "Objective NodeTests-Info.plist"; sourceTree = "<group>"; };
		FD81C88713233F7600EB9C10 /* en */ = {isa = PBXFileReference; lastKnownFileType = text.plist.strings; name = en; path = en.lproj/InfoPlist.strings; sourceTree = "<group>"; };
		FD81C88913233F7600EB9C10 /* Objective NodeTests-Prefix.pch */ = {isa = PBXFileReference; lastKnownFileType = sourcecode.c.h; path = "Objective NodeTests-Prefix.pch"; sourceTree = "<group>"; };
		FD81C88A13233F7600EB9C10 /* Objective_NodeTests.h */ = {isa = PBXFileReference; lastKnownFileType = sourcecode.c.h; path = Objective_NodeTests.h; sourceTree = "<group>"; };
		FD81C88C13233F7600EB9C10 /* Objective_NodeTests.m */ = {isa = PBXFileReference; lastKnownFileType = sourcecode.c.objc; path = Objective_NodeTests.m; sourceTree = "<group>"; };
		FD81C89B13233FD400EB9C10 /* base.xcconfig */ = {isa = PBXFileReference; fileEncoding = 4; lastKnownFileType = text.xcconfig; path = base.xcconfig; sourceTree = "<group>"; };
		FD81C89C13233FD400EB9C10 /* debug.xcconfig */ = {isa = PBXFileReference; fileEncoding = 4; lastKnownFileType = text.xcconfig; path = debug.xcconfig; sourceTree = "<group>"; };
		FD81C89D13233FD400EB9C10 /* release.xcconfig */ = {isa = PBXFileReference; fileEncoding = 4; lastKnownFileType = text.xcconfig; path = release.xcconfig; sourceTree = "<group>"; };
/* End PBXFileReference section */

/* Begin PBXFrameworksBuildPhase section */
		FD81C86513233F7600EB9C10 /* Frameworks */ = {
			isa = PBXFrameworksBuildPhase;
			buildActionMask = 2147483647;
			files = (
				FD48CFCB13234567004FACFB /* libz.dylib in Frameworks */,
				FD48CFC91323455F004FACFB /* libssl.dylib in Frameworks */,
				FD48CFC713234559004FACFB /* libcrypto.dylib in Frameworks */,
				FD81C86D13233F7600EB9C10 /* Cocoa.framework in Frameworks */,
			);
			runOnlyForDeploymentPostprocessing = 0;
		};
		FD81C87A13233F7600EB9C10 /* Frameworks */ = {
			isa = PBXFrameworksBuildPhase;
			buildActionMask = 2147483647;
			files = (
				FD81C87F13233F7600EB9C10 /* Cocoa.framework in Frameworks */,
				FD81C88213233F7600EB9C10 /* ObjectiveNode.framework in Frameworks */,
			);
			runOnlyForDeploymentPostprocessing = 0;
		};
/* End PBXFrameworksBuildPhase section */

/* Begin PBXGroup section */
		FD48CFCC132345BF004FACFB /* Node */ = {
			isa = PBXGroup;
			children = (
				FD48CFD713234657004FACFB /* Interface */,
				FD48CFCD132345D8004FACFB /* Extension */,
			);
			name = Node;
			path = node;
			sourceTree = "<group>";
		};
		FD48CFCD132345D8004FACFB /* Extension */ = {
			isa = PBXGroup;
			children = (
				FD48CFD313234631004FACFB /* objective_node */,
				FD48CFCE13234606004FACFB /* objective_node.h */,
				FD48CFCF13234606004FACFB /* objective_node.mm */,
			);
			name = Extension;
			path = extension;
			sourceTree = "<group>";
		};
		FD48CFD713234657004FACFB /* Interface */ = {
			isa = PBXGroup;
			children = (
				FD48CFEA13234685004FACFB /* Support */,
				FD48CFD813234669004FACFB /* node_interface.h */,
				FD48CFD913234669004FACFB /* node_interface.mm */,
				FD48CFDB13234669004FACFB /* node_ns_additions.h */,
				FD48CFDC13234669004FACFB /* node_ns_additions.mm */,
				FD48CFDA13234669004FACFB /* ExternalUTF16String.h */,
				FD48CFDD13234669004FACFB /* NodeThread.h */,
				FD48CFDE13234669004FACFB /* NodeThread.mm */,
				FD48CFDF13234669004FACFB /* NodeObjectProxy.h */,
				FD48CFE013234669004FACFB /* NodeObjectProxy.mm */,
			);
			name = Interface;
			sourceTree = "<group>";
		};
		FD48CFEA13234685004FACFB /* Support */ = {
			isa = PBXGroup;
			children = (
				FD48CFEB13234690004FACFB /* hcommon.h */,
				FD48CFEC13234690004FACFB /* common.h */,
				FD48CFED13234690004FACFB /* common.m */,
				FD48CFF013234690004FACFB /* k_objc_prop.h */,
				FD48CFF113234690004FACFB /* k_objc_prop.m */,
			);
			name = Support;
			sourceTree = "<group>";
		};
		FD81C85D13233F7600EB9C10 = {
			isa = PBXGroup;
			children = (
				FD81C87213233F7600EB9C10 /* Objective Node */,
				FD81C89A13233F9D00EB9C10 /* Config */,
				FD81C88313233F7600EB9C10 /* Tests */,
				FD81C86B13233F7600EB9C10 /* Frameworks */,
				FD81C86A13233F7600EB9C10 /* Products */,
			);
			sourceTree = "<group>";
		};
		FD81C86A13233F7600EB9C10 /* Products */ = {
			isa = PBXGroup;
			children = (
				FD81C86913233F7600EB9C10 /* ObjectiveNode.framework */,
				FD81C87E13233F7600EB9C10 /* ObjectiveNodeTests.octest */,
			);
			name = Products;
			sourceTree = "<group>";
		};
		FD81C86B13233F7600EB9C10 /* Frameworks */ = {
			isa = PBXGroup;
			children = (
				FD48CFCA13234567004FACFB /* libz.dylib */,
				FD48CFC81323455F004FACFB /* libssl.dylib */,
				FD48CFC613234559004FACFB /* libcrypto.dylib */,
				FD81C86C13233F7600EB9C10 /* Cocoa.framework */,
				FD81C86E13233F7600EB9C10 /* Other Frameworks */,
			);
			name = Frameworks;
			sourceTree = "<group>";
		};
		FD81C86E13233F7600EB9C10 /* Other Frameworks */ = {
			isa = PBXGroup;
			children = (
				FD81C86F13233F7600EB9C10 /* AppKit.framework */,
				FD81C87013233F7600EB9C10 /* CoreData.framework */,
				FD81C87113233F7600EB9C10 /* Foundation.framework */,
			);
			name = "Other Frameworks";
			sourceTree = "<group>";
		};
		FD81C87213233F7600EB9C10 /* Objective Node */ = {
			isa = PBXGroup;
			children = (
				FD48CFCC132345BF004FACFB /* Node */,
				FD81C87313233F7600EB9C10 /* Supporting Files */,
				FD4295EC13239ACF00B8A790 /* ObjectiveNode.h */,
				FD4295ED13239ACF00B8A790 /* ObjectiveNode.m */,
			);
			name = "Objective Node";
			path = src;
			sourceTree = "<group>";
		};
		FD81C87313233F7600EB9C10 /* Supporting Files */ = {
			isa = PBXGroup;
			children = (
				FD81C87413233F7600EB9C10 /* ObjectiveNode-Info.plist */,
				FD81C87813233F7600EB9C10 /* ObjectiveNode-Prefix.pch */,
			);
			name = "Supporting Files";
			sourceTree = "<group>";
		};
		FD81C88313233F7600EB9C10 /* Tests */ = {
			isa = PBXGroup;
			children = (
				FD81C88A13233F7600EB9C10 /* Objective_NodeTests.h */,
				FD81C88C13233F7600EB9C10 /* Objective_NodeTests.m */,
				FD81C88413233F7600EB9C10 /* Supporting Files */,
			);
			name = Tests;
			path = tests;
			sourceTree = "<group>";
		};
		FD81C88413233F7600EB9C10 /* Supporting Files */ = {
			isa = PBXGroup;
			children = (
				FD81C88513233F7600EB9C10 /* Objective NodeTests-Info.plist */,
				FD81C88613233F7600EB9C10 /* InfoPlist.strings */,
				FD81C88913233F7600EB9C10 /* Objective NodeTests-Prefix.pch */,
			);
			name = "Supporting Files";
			sourceTree = "<group>";
		};
		FD81C89A13233F9D00EB9C10 /* Config */ = {
			isa = PBXGroup;
			children = (
				FD81C89B13233FD400EB9C10 /* base.xcconfig */,
				FD81C89C13233FD400EB9C10 /* debug.xcconfig */,
				FD81C89D13233FD400EB9C10 /* release.xcconfig */,
			);
			name = Config;
			path = config;
			sourceTree = "<group>";
		};
/* End PBXGroup section */

/* Begin PBXHeadersBuildPhase section */
		FD81C86613233F7600EB9C10 /* Headers */ = {
			isa = PBXHeadersBuildPhase;
			buildActionMask = 2147483647;
			files = (
				FD48CFD013234606004FACFB /* objective_node.h in Headers */,
				FD48CFE113234669004FACFB /* node_interface.h in Headers */,
				FD48CFE313234669004FACFB /* ExternalUTF16String.h in Headers */,
				FD48CFE413234669004FACFB /* node_ns_additions.h in Headers */,
				FD48CFE613234669004FACFB /* NodeThread.h in Headers */,
				FD48CFE813234669004FACFB /* NodeObjectProxy.h in Headers */,
				FD48CFF213234690004FACFB /* hcommon.h in Headers */,
				FD48CFF313234690004FACFB /* common.h in Headers */,
				FD48CFF713234690004FACFB /* k_objc_prop.h in Headers */,
				FD4295EE13239ACF00B8A790 /* ObjectiveNode.h in Headers */,
			);
			runOnlyForDeploymentPostprocessing = 0;
		};
/* End PBXHeadersBuildPhase section */

/* Begin PBXLegacyTarget section */
		FD48CFC0132342A7004FACFB /* Node */ = {
			isa = PBXLegacyTarget;
			buildArgumentsString = "$(ACTION)";
			buildConfigurationList = FD48CFC1132342A7004FACFB /* Build configuration list for PBXLegacyTarget "Node" */;
			buildPhases = (
			);
			buildToolPath = "../node-build.sh";
			buildWorkingDirectory = "$(SRCROOT)/lib/node";
			dependencies = (
			);
			name = Node;
			passBuildSettingsInEnvironment = 1;
			productName = Node;
		};
/* End PBXLegacyTarget section */

/* Begin PBXNativeTarget section */
		FD81C86813233F7600EB9C10 /* ObjectiveNode */ = {
			isa = PBXNativeTarget;
			buildConfigurationList = FD81C89013233F7600EB9C10 /* Build configuration list for PBXNativeTarget "ObjectiveNode" */;
			buildPhases = (
				FD81C86413233F7600EB9C10 /* Sources */,
				FD81C86513233F7600EB9C10 /* Frameworks */,
				FD81C86613233F7600EB9C10 /* Headers */,
				FD48CFFC132346DD004FACFB /* CopyFiles */,
			);
			buildRules = (
			);
			dependencies = (
				FD48CFFF132346F5004FACFB /* PBXTargetDependency */,
			);
			name = ObjectiveNode;
			productName = "Objective Node";
			productReference = FD81C86913233F7600EB9C10 /* ObjectiveNode.framework */;
			productType = "com.apple.product-type.framework";
		};
		FD81C87D13233F7600EB9C10 /* ObjectiveNodeTests */ = {
			isa = PBXNativeTarget;
			buildConfigurationList = FD81C89313233F7600EB9C10 /* Build configuration list for PBXNativeTarget "ObjectiveNodeTests" */;
			buildPhases = (
				FD81C87913233F7600EB9C10 /* Sources */,
				FD81C87A13233F7600EB9C10 /* Frameworks */,
				FD81C87B13233F7600EB9C10 /* Resources */,
				FD81C87C13233F7600EB9C10 /* ShellScript */,
			);
			buildRules = (
			);
			dependencies = (
				FD81C88113233F7600EB9C10 /* PBXTargetDependency */,
			);
			name = ObjectiveNodeTests;
			productName = "Objective NodeTests";
			productReference = FD81C87E13233F7600EB9C10 /* ObjectiveNodeTests.octest */;
			productType = "com.apple.product-type.bundle";
		};
/* End PBXNativeTarget section */

/* Begin PBXProject section */
		FD81C85F13233F7600EB9C10 /* Project object */ = {
			isa = PBXProject;
			attributes = {
				ORGANIZATIONNAME = "Neat IO Pty Ltd";
			};
			buildConfigurationList = FD81C86213233F7600EB9C10 /* Build configuration list for PBXProject "ObjectiveNode" */;
			compatibilityVersion = "Xcode 3.2";
			developmentRegion = English;
			hasScannedForEncodings = 0;
			knownRegions = (
				en,
			);
			mainGroup = FD81C85D13233F7600EB9C10;
			productRefGroup = FD81C86A13233F7600EB9C10 /* Products */;
			projectDirPath = "";
			projectRoot = "";
			targets = (
				FD81C86813233F7600EB9C10 /* ObjectiveNode */,
				FD81C87D13233F7600EB9C10 /* ObjectiveNodeTests */,
				FD48CFC0132342A7004FACFB /* Node */,
			);
		};
/* End PBXProject section */

/* Begin PBXResourcesBuildPhase section */
		FD81C87B13233F7600EB9C10 /* Resources */ = {
			isa = PBXResourcesBuildPhase;
			buildActionMask = 2147483647;
			files = (
				FD81C88813233F7600EB9C10 /* InfoPlist.strings in Resources */,
				FD81C88B13233F7600EB9C10 /* Objective_NodeTests.h in Resources */,
			);
			runOnlyForDeploymentPostprocessing = 0;
		};
/* End PBXResourcesBuildPhase section */

/* Begin PBXShellScriptBuildPhase section */
		FD81C87C13233F7600EB9C10 /* ShellScript */ = {
			isa = PBXShellScriptBuildPhase;
			buildActionMask = 2147483647;
			files = (
			);
			inputPaths = (
			);
			outputPaths = (
			);
			runOnlyForDeploymentPostprocessing = 0;
			shellPath = /bin/sh;
			shellScript = "# Run the unit tests in this test bundle.\n\"${SYSTEM_DEVELOPER_DIR}/Tools/RunUnitTests\"\n";
		};
/* End PBXShellScriptBuildPhase section */

/* Begin PBXSourcesBuildPhase section */
		FD81C86413233F7600EB9C10 /* Sources */ = {
			isa = PBXSourcesBuildPhase;
			buildActionMask = 2147483647;
			files = (
				FD48CFD113234606004FACFB /* objective_node.mm in Sources */,
				FD48CFE213234669004FACFB /* node_interface.mm in Sources */,
				FD48CFE513234669004FACFB /* node_ns_additions.mm in Sources */,
				FD48CFE713234669004FACFB /* NodeThread.mm in Sources */,
				FD48CFE913234669004FACFB /* NodeObjectProxy.mm in Sources */,
				FD48CFF413234690004FACFB /* common.m in Sources */,
				FD48CFF813234690004FACFB /* k_objc_prop.m in Sources */,
				FD4295EF13239ACF00B8A790 /* ObjectiveNode.m in Sources */,
			);
			runOnlyForDeploymentPostprocessing = 0;
		};
		FD81C87913233F7600EB9C10 /* Sources */ = {
			isa = PBXSourcesBuildPhase;
			buildActionMask = 2147483647;
			files = (
				FD81C88D13233F7600EB9C10 /* Objective_NodeTests.m in Sources */,
			);
			runOnlyForDeploymentPostprocessing = 0;
		};
/* End PBXSourcesBuildPhase section */

/* Begin PBXTargetDependency section */
		FD48CFFF132346F5004FACFB /* PBXTargetDependency */ = {
			isa = PBXTargetDependency;
			target = FD48CFC0132342A7004FACFB /* Node */;
			targetProxy = FD48CFFE132346F5004FACFB /* PBXContainerItemProxy */;
		};
		FD81C88113233F7600EB9C10 /* PBXTargetDependency */ = {
			isa = PBXTargetDependency;
			target = FD81C86813233F7600EB9C10 /* ObjectiveNode */;
			targetProxy = FD81C88013233F7600EB9C10 /* PBXContainerItemProxy */;
		};
/* End PBXTargetDependency section */

/* Begin PBXVariantGroup section */
		FD81C88613233F7600EB9C10 /* InfoPlist.strings */ = {
			isa = PBXVariantGroup;
			children = (
				FD81C88713233F7600EB9C10 /* en */,
			);
			name = InfoPlist.strings;
			sourceTree = "<group>";
		};
/* End PBXVariantGroup section */

/* Begin XCBuildConfiguration section */
		FD48CFC2132342A7004FACFB /* Debug */ = {
			isa = XCBuildConfiguration;
			buildSettings = {
				OTHER_LDFLAGS = "";
				PRODUCT_NAME = "$(TARGET_NAME)";
			};
			name = Debug;
		};
		FD48CFC3132342A7004FACFB /* Release */ = {
			isa = XCBuildConfiguration;
			buildSettings = {
				OTHER_LDFLAGS = "";
				PRODUCT_NAME = "$(TARGET_NAME)";
			};
			name = Release;
		};
		FD81C88E13233F7600EB9C10 /* Debug */ = {
			isa = XCBuildConfiguration;
			baseConfigurationReference = FD81C89C13233FD400EB9C10 /* debug.xcconfig */;
			buildSettings = {
				GCC_WARN_64_TO_32_BIT_CONVERSION = YES;
				GCC_WARN_ABOUT_RETURN_TYPE = YES;
				GCC_WARN_UNUSED_VARIABLE = YES;
			};
			name = Debug;
		};
		FD81C88F13233F7600EB9C10 /* Release */ = {
			isa = XCBuildConfiguration;
			baseConfigurationReference = FD81C89D13233FD400EB9C10 /* release.xcconfig */;
			buildSettings = {
				GCC_WARN_64_TO_32_BIT_CONVERSION = YES;
				GCC_WARN_ABOUT_RETURN_TYPE = YES;
				GCC_WARN_UNUSED_VARIABLE = YES;
			};
			name = Release;
		};
		FD81C89113233F7600EB9C10 /* Debug */ = {
			isa = XCBuildConfiguration;
			buildSettings = {
				DYLIB_CURRENT_VERSION = "";
			};
			name = Debug;
		};
		FD81C89213233F7600EB9C10 /* Release */ = {
			isa = XCBuildConfiguration;
			buildSettings = {
				DYLIB_CURRENT_VERSION = "";
			};
			name = Release;
		};
		FD81C89413233F7600EB9C10 /* Debug */ = {
			isa = XCBuildConfiguration;
			buildSettings = {
				ALWAYS_SEARCH_USER_PATHS = NO;
				COPY_PHASE_STRIP = NO;
				FRAMEWORK_SEARCH_PATHS = "$(DEVELOPER_LIBRARY_DIR)/Frameworks";
				GCC_DYNAMIC_NO_PIC = NO;
				GCC_ENABLE_OBJC_EXCEPTIONS = YES;
				GCC_PRECOMPILE_PREFIX_HEADER = YES;
				GCC_PREFIX_HEADER = "Objective NodeTests/Objective NodeTests-Prefix.pch";
				INFOPLIST_FILE = "Objective NodeTests/Objective NodeTests-Info.plist";
				OTHER_LDFLAGS = (
					"-framework",
					SenTestingKit,
				);
				PRODUCT_NAME = ObjectiveNodeTests;
				WRAPPER_EXTENSION = octest;
			};
			name = Debug;
		};
		FD81C89513233F7600EB9C10 /* Release */ = {
			isa = XCBuildConfiguration;
			buildSettings = {
				ALWAYS_SEARCH_USER_PATHS = NO;
				COPY_PHASE_STRIP = YES;
				DEBUG_INFORMATION_FORMAT = "dwarf-with-dsym";
				FRAMEWORK_SEARCH_PATHS = "$(DEVELOPER_LIBRARY_DIR)/Frameworks";
				GCC_ENABLE_OBJC_EXCEPTIONS = YES;
				GCC_PRECOMPILE_PREFIX_HEADER = YES;
				GCC_PREFIX_HEADER = "Objective NodeTests/Objective NodeTests-Prefix.pch";
				INFOPLIST_FILE = "Objective NodeTests/Objective NodeTests-Info.plist";
				OTHER_LDFLAGS = (
					"-framework",
					SenTestingKit,
				);
				PRODUCT_NAME = ObjectiveNodeTests;
				WRAPPER_EXTENSION = octest;
			};
			name = Release;
		};
/* End XCBuildConfiguration section */

/* Begin XCConfigurationList section */
		FD48CFC1132342A7004FACFB /* Build configuration list for PBXLegacyTarget "Node" */ = {
			isa = XCConfigurationList;
			buildConfigurations = (
				FD48CFC2132342A7004FACFB /* Debug */,
				FD48CFC3132342A7004FACFB /* Release */,
			);
			defaultConfigurationIsVisible = 0;
			defaultConfigurationName = Release;
		};
		FD81C86213233F7600EB9C10 /* Build configuration list for PBXProject "ObjectiveNode" */ = {
			isa = XCConfigurationList;
			buildConfigurations = (
				FD81C88E13233F7600EB9C10 /* Debug */,
				FD81C88F13233F7600EB9C10 /* Release */,
			);
			defaultConfigurationIsVisible = 0;
			defaultConfigurationName = Release;
		};
		FD81C89013233F7600EB9C10 /* Build configuration list for PBXNativeTarget "ObjectiveNode" */ = {
			isa = XCConfigurationList;
			buildConfigurations = (
				FD81C89113233F7600EB9C10 /* Debug */,
				FD81C89213233F7600EB9C10 /* Release */,
			);
			defaultConfigurationIsVisible = 0;
			defaultConfigurationName = Release;
		};
		FD81C89313233F7600EB9C10 /* Build configuration list for PBXNativeTarget "ObjectiveNodeTests" */ = {
			isa = XCConfigurationList;
			buildConfigurations = (
				FD81C89413233F7600EB9C10 /* Debug */,
				FD81C89513233F7600EB9C10 /* Release */,
			);
			defaultConfigurationIsVisible = 0;
			defaultConfigurationName = Release;
		};
/* End XCConfigurationList section */
	};
	rootObject = FD81C85F13233F7600EB9C10 /* Project object */;
}
