// !$*UTF8*$!
{
	archiveVersion = 1;
	classes = {
	};
	objectVersion = 46;
	objects = {

/* Begin PBXBuildFile section */
		FD81C86D13233F7600EB9C10 /* Cocoa.framework in Frameworks */ = {isa = PBXBuildFile; fileRef = FD81C86C13233F7600EB9C10 /* Cocoa.framework */; };
		FD81C87713233F7600EB9C10 /* InfoPlist.strings in Resources */ = {isa = PBXBuildFile; fileRef = FD81C87513233F7600EB9C10 /* InfoPlist.strings */; };
		FD81C87F13233F7600EB9C10 /* Cocoa.framework in Frameworks */ = {isa = PBXBuildFile; fileRef = FD81C86C13233F7600EB9C10 /* Cocoa.framework */; };
		FD81C88213233F7600EB9C10 /* Objective Node.framework in Frameworks */ = {isa = PBXBuildFile; fileRef = FD81C86913233F7600EB9C10 /* Objective Node.framework */; };
		FD81C88813233F7600EB9C10 /* InfoPlist.strings in Resources */ = {isa = PBXBuildFile; fileRef = FD81C88613233F7600EB9C10 /* InfoPlist.strings */; };
		FD81C88B13233F7600EB9C10 /* Objective_NodeTests.h in Resources */ = {isa = PBXBuildFile; fileRef = FD81C88A13233F7600EB9C10 /* Objective_NodeTests.h */; };
		FD81C88D13233F7600EB9C10 /* Objective_NodeTests.m in Sources */ = {isa = PBXBuildFile; fileRef = FD81C88C13233F7600EB9C10 /* Objective_NodeTests.m */; };
/* End PBXBuildFile section */

/* Begin PBXContainerItemProxy section */
		FD81C88013233F7600EB9C10 /* PBXContainerItemProxy */ = {
			isa = PBXContainerItemProxy;
			containerPortal = FD81C85F13233F7600EB9C10 /* Project object */;
			proxyType = 1;
			remoteGlobalIDString = FD81C86813233F7600EB9C10;
			remoteInfo = "Objective Node";
		};
/* End PBXContainerItemProxy section */

/* Begin PBXFileReference section */
		FD81C86913233F7600EB9C10 /* Objective Node.framework */ = {isa = PBXFileReference; explicitFileType = wrapper.framework; includeInIndex = 0; path = "Objective Node.framework"; sourceTree = BUILT_PRODUCTS_DIR; };
		FD81C86C13233F7600EB9C10 /* Cocoa.framework */ = {isa = PBXFileReference; lastKnownFileType = wrapper.framework; name = Cocoa.framework; path = System/Library/Frameworks/Cocoa.framework; sourceTree = SDKROOT; };
		FD81C86F13233F7600EB9C10 /* AppKit.framework */ = {isa = PBXFileReference; lastKnownFileType = wrapper.framework; name = AppKit.framework; path = System/Library/Frameworks/AppKit.framework; sourceTree = SDKROOT; };
		FD81C87013233F7600EB9C10 /* CoreData.framework */ = {isa = PBXFileReference; lastKnownFileType = wrapper.framework; name = CoreData.framework; path = System/Library/Frameworks/CoreData.framework; sourceTree = SDKROOT; };
		FD81C87113233F7600EB9C10 /* Foundation.framework */ = {isa = PBXFileReference; lastKnownFileType = wrapper.framework; name = Foundation.framework; path = System/Library/Frameworks/Foundation.framework; sourceTree = SDKROOT; };
		FD81C87413233F7600EB9C10 /* Objective Node-Info.plist */ = {isa = PBXFileReference; path = "Objective Node-Info.plist"; sourceTree = "<group>"; };
		FD81C87613233F7600EB9C10 /* en */ = {isa = PBXFileReference; lastKnownFileType = text.plist.strings; name = en; path = en.lproj/InfoPlist.strings; sourceTree = "<group>"; };
		FD81C87813233F7600EB9C10 /* Objective Node-Prefix.pch */ = {isa = PBXFileReference; path = "Objective Node-Prefix.pch"; sourceTree = "<group>"; };
		FD81C87E13233F7600EB9C10 /* Objective NodeTests.octest */ = {isa = PBXFileReference; explicitFileType = wrapper.cfbundle; includeInIndex = 0; path = "Objective NodeTests.octest"; sourceTree = BUILT_PRODUCTS_DIR; };
		FD81C88513233F7600EB9C10 /* Objective NodeTests-Info.plist */ = {isa = PBXFileReference; path = "Objective NodeTests-Info.plist"; sourceTree = "<group>"; };
		FD81C88713233F7600EB9C10 /* en */ = {isa = PBXFileReference; lastKnownFileType = text.plist.strings; name = en; path = en.lproj/InfoPlist.strings; sourceTree = "<group>"; };
		FD81C88913233F7600EB9C10 /* Objective NodeTests-Prefix.pch */ = {isa = PBXFileReference; path = "Objective NodeTests-Prefix.pch"; sourceTree = "<group>"; };
		FD81C88A13233F7600EB9C10 /* Objective_NodeTests.h */ = {isa = PBXFileReference; lastKnownFileType = sourcecode.c.h; path = Objective_NodeTests.h; sourceTree = "<group>"; };
		FD81C88C13233F7600EB9C10 /* Objective_NodeTests.m */ = {isa = PBXFileReference; lastKnownFileType = sourcecode.c.objc; path = Objective_NodeTests.m; sourceTree = "<group>"; };
/* End PBXFileReference section */

/* Begin PBXFrameworksBuildPhase section */
		FD81C86513233F7600EB9C10 /* Frameworks */ = {
			isa = PBXFrameworksBuildPhase;
			buildActionMask = 2147483647;
			files = (
				FD81C86D13233F7600EB9C10 /* Cocoa.framework in Frameworks */,
			);
			runOnlyForDeploymentPostprocessing = 0;
		};
		FD81C87A13233F7600EB9C10 /* Frameworks */ = {
			isa = PBXFrameworksBuildPhase;
			buildActionMask = 2147483647;
			files = (
				FD81C87F13233F7600EB9C10 /* Cocoa.framework in Frameworks */,
				FD81C88213233F7600EB9C10 /* Objective Node.framework in Frameworks */,
			);
			runOnlyForDeploymentPostprocessing = 0;
		};
/* End PBXFrameworksBuildPhase section */

/* Begin PBXGroup section */
		FD81C85D13233F7600EB9C10 = {
			isa = PBXGroup;
			children = (
				FD81C87213233F7600EB9C10 /* Objective Node */,
				FD81C88313233F7600EB9C10 /* Objective NodeTests */,
				FD81C86B13233F7600EB9C10 /* Frameworks */,
				FD81C86A13233F7600EB9C10 /* Products */,
			);
			sourceTree = "<group>";
		};
		FD81C86A13233F7600EB9C10 /* Products */ = {
			isa = PBXGroup;
			children = (
				FD81C86913233F7600EB9C10 /* Objective Node.framework */,
				FD81C87E13233F7600EB9C10 /* Objective NodeTests.octest */,
			);
			name = Products;
			sourceTree = "<group>";
		};
		FD81C86B13233F7600EB9C10 /* Frameworks */ = {
			isa = PBXGroup;
			children = (
				FD81C86C13233F7600EB9C10 /* Cocoa.framework */,
				FD81C86E13233F7600EB9C10 /* Other Frameworks */,
			);
			name = Frameworks;
			sourceTree = "<group>";
		};
		FD81C86E13233F7600EB9C10 /* Other Frameworks */ = {
			isa = PBXGroup;
			children = (
				FD81C86F13233F7600EB9C10 /* AppKit.framework */,
				FD81C87013233F7600EB9C10 /* CoreData.framework */,
				FD81C87113233F7600EB9C10 /* Foundation.framework */,
			);
			name = "Other Frameworks";
			sourceTree = "<group>";
		};
		FD81C87213233F7600EB9C10 /* Objective Node */ = {
			isa = PBXGroup;
			children = (
				FD81C87313233F7600EB9C10 /* Supporting Files */,
			);
			path = "Objective Node";
			sourceTree = "<group>";
		};
		FD81C87313233F7600EB9C10 /* Supporting Files */ = {
			isa = PBXGroup;
			children = (
				FD81C87413233F7600EB9C10 /* Objective Node-Info.plist */,
				FD81C87513233F7600EB9C10 /* InfoPlist.strings */,
				FD81C87813233F7600EB9C10 /* Objective Node-Prefix.pch */,
			);
			name = "Supporting Files";
			sourceTree = "<group>";
		};
		FD81C88313233F7600EB9C10 /* Objective NodeTests */ = {
			isa = PBXGroup;
			children = (
				FD81C88A13233F7600EB9C10 /* Objective_NodeTests.h */,
				FD81C88C13233F7600EB9C10 /* Objective_NodeTests.m */,
				FD81C88413233F7600EB9C10 /* Supporting Files */,
			);
			path = "Objective NodeTests";
			sourceTree = "<group>";
		};
		FD81C88413233F7600EB9C10 /* Supporting Files */ = {
			isa = PBXGroup;
			children = (
				FD81C88513233F7600EB9C10 /* Objective NodeTests-Info.plist */,
				FD81C88613233F7600EB9C10 /* InfoPlist.strings */,
				FD81C88913233F7600EB9C10 /* Objective NodeTests-Prefix.pch */,
			);
			name = "Supporting Files";
			sourceTree = "<group>";
		};
/* End PBXGroup section */

/* Begin PBXHeadersBuildPhase section */
		FD81C86613233F7600EB9C10 /* Headers */ = {
			isa = PBXHeadersBuildPhase;
			buildActionMask = 2147483647;
			files = (
			);
			runOnlyForDeploymentPostprocessing = 0;
		};
/* End PBXHeadersBuildPhase section */

/* Begin PBXNativeTarget section */
		FD81C86813233F7600EB9C10 /* Objective Node */ = {
			isa = PBXNativeTarget;
			buildConfigurationList = FD81C89013233F7600EB9C10 /* Build configuration list for PBXNativeTarget "Objective Node" */;
			buildPhases = (
				FD81C86413233F7600EB9C10 /* Sources */,
				FD81C86513233F7600EB9C10 /* Frameworks */,
				FD81C86613233F7600EB9C10 /* Headers */,
				FD81C86713233F7600EB9C10 /* Resources */,
			);
			buildRules = (
			);
			dependencies = (
			);
			name = "Objective Node";
			productName = "Objective Node";
			productReference = FD81C86913233F7600EB9C10 /* Objective Node.framework */;
			productType = "com.apple.product-type.framework";
		};
		FD81C87D13233F7600EB9C10 /* Objective NodeTests */ = {
			isa = PBXNativeTarget;
			buildConfigurationList = FD81C89313233F7600EB9C10 /* Build configuration list for PBXNativeTarget "Objective NodeTests" */;
			buildPhases = (
				FD81C87913233F7600EB9C10 /* Sources */,
				FD81C87A13233F7600EB9C10 /* Frameworks */,
				FD81C87B13233F7600EB9C10 /* Resources */,
				FD81C87C13233F7600EB9C10 /* ShellScript */,
			);
			buildRules = (
			);
			dependencies = (
				FD81C88113233F7600EB9C10 /* PBXTargetDependency */,
			);
			name = "Objective NodeTests";
			productName = "Objective NodeTests";
			productReference = FD81C87E13233F7600EB9C10 /* Objective NodeTests.octest */;
			productType = "com.apple.product-type.bundle";
		};
/* End PBXNativeTarget section */

/* Begin PBXProject section */
		FD81C85F13233F7600EB9C10 /* Project object */ = {
			isa = PBXProject;
			attributes = {
				ORGANIZATIONNAME = "Neat IO Pty Ltd";
			};
			buildConfigurationList = FD81C86213233F7600EB9C10 /* Build configuration list for PBXProject "Objective Node" */;
			compatibilityVersion = "Xcode 3.2";
			developmentRegion = English;
			hasScannedForEncodings = 0;
			knownRegions = (
				en,
			);
			mainGroup = FD81C85D13233F7600EB9C10;
			productRefGroup = FD81C86A13233F7600EB9C10 /* Products */;
			projectDirPath = "";
			projectRoot = "";
			targets = (
				FD81C86813233F7600EB9C10 /* Objective Node */,
				FD81C87D13233F7600EB9C10 /* Objective NodeTests */,
			);
		};
/* End PBXProject section */

/* Begin PBXResourcesBuildPhase section */
		FD81C86713233F7600EB9C10 /* Resources */ = {
			isa = PBXResourcesBuildPhase;
			buildActionMask = 2147483647;
			files = (
				FD81C87713233F7600EB9C10 /* InfoPlist.strings in Resources */,
			);
			runOnlyForDeploymentPostprocessing = 0;
		};
		FD81C87B13233F7600EB9C10 /* Resources */ = {
			isa = PBXResourcesBuildPhase;
			buildActionMask = 2147483647;
			files = (
				FD81C88813233F7600EB9C10 /* InfoPlist.strings in Resources */,
				FD81C88B13233F7600EB9C10 /* Objective_NodeTests.h in Resources */,
			);
			runOnlyForDeploymentPostprocessing = 0;
		};
/* End PBXResourcesBuildPhase section */

/* Begin PBXShellScriptBuildPhase section */
		FD81C87C13233F7600EB9C10 /* ShellScript */ = {
			isa = PBXShellScriptBuildPhase;
			buildActionMask = 2147483647;
			files = (
			);
			inputPaths = (
			);
			outputPaths = (
			);
			runOnlyForDeploymentPostprocessing = 0;
			shellPath = /bin/sh;
			shellScript = "# Run the unit tests in this test bundle.\n\"${SYSTEM_DEVELOPER_DIR}/Tools/RunUnitTests\"\n";
		};
/* End PBXShellScriptBuildPhase section */

/* Begin PBXSourcesBuildPhase section */
		FD81C86413233F7600EB9C10 /* Sources */ = {
			isa = PBXSourcesBuildPhase;
			buildActionMask = 2147483647;
			files = (
			);
			runOnlyForDeploymentPostprocessing = 0;
		};
		FD81C87913233F7600EB9C10 /* Sources */ = {
			isa = PBXSourcesBuildPhase;
			buildActionMask = 2147483647;
			files = (
				FD81C88D13233F7600EB9C10 /* Objective_NodeTests.m in Sources */,
			);
			runOnlyForDeploymentPostprocessing = 0;
		};
/* End PBXSourcesBuildPhase section */

/* Begin PBXTargetDependency section */
		FD81C88113233F7600EB9C10 /* PBXTargetDependency */ = {
			isa = PBXTargetDependency;
			target = FD81C86813233F7600EB9C10 /* Objective Node */;
			targetProxy = FD81C88013233F7600EB9C10 /* PBXContainerItemProxy */;
		};
/* End PBXTargetDependency section */

/* Begin PBXVariantGroup section */
		FD81C87513233F7600EB9C10 /* InfoPlist.strings */ = {
			isa = PBXVariantGroup;
			children = (
				FD81C87613233F7600EB9C10 /* en */,
			);
			name = InfoPlist.strings;
			sourceTree = "<group>";
		};
		FD81C88613233F7600EB9C10 /* InfoPlist.strings */ = {
			isa = PBXVariantGroup;
			children = (
				FD81C88713233F7600EB9C10 /* en */,
			);
			name = InfoPlist.strings;
			sourceTree = "<group>";
		};
/* End PBXVariantGroup section */

/* Begin XCBuildConfiguration section */
		FD81C88E13233F7600EB9C10 /* Debug */ = {
			isa = XCBuildConfiguration;
			buildSettings = {
				ARCHS = "$(ARCHS_STANDARD_32_64_BIT)";
				GCC_C_LANGUAGE_STANDARD = gnu99;
				GCC_OPTIMIZATION_LEVEL = 0;
				GCC_PREPROCESSOR_DEFINITIONS = DEBUG;
				GCC_SYMBOLS_PRIVATE_EXTERN = NO;
				GCC_VERSION = com.apple.compilers.llvm.clang.1_0;
				GCC_WARN_64_TO_32_BIT_CONVERSION = YES;
				GCC_WARN_ABOUT_RETURN_TYPE = YES;
				GCC_WARN_UNUSED_VARIABLE = YES;
				MACOSX_DEPLOYMENT_TARGET = 10.7;
				ONLY_ACTIVE_ARCH = YES;
				SDKROOT = macosx;
			};
			name = Debug;
		};
		FD81C88F13233F7600EB9C10 /* Release */ = {
			isa = XCBuildConfiguration;
			buildSettings = {
				ARCHS = "$(ARCHS_STANDARD_32_64_BIT)";
				GCC_C_LANGUAGE_STANDARD = gnu99;
				GCC_VERSION = com.apple.compilers.llvm.clang.1_0;
				GCC_WARN_64_TO_32_BIT_CONVERSION = YES;
				GCC_WARN_ABOUT_RETURN_TYPE = YES;
				GCC_WARN_UNUSED_VARIABLE = YES;
				MACOSX_DEPLOYMENT_TARGET = 10.7;
				SDKROOT = macosx;
			};
			name = Release;
		};
		FD81C89113233F7600EB9C10 /* Debug */ = {
			isa = XCBuildConfiguration;
			buildSettings = {
				ALWAYS_SEARCH_USER_PATHS = NO;
				COPY_PHASE_STRIP = NO;
				DYLIB_COMPATIBILITY_VERSION = 1;
				DYLIB_CURRENT_VERSION = 1;
				FRAMEWORK_VERSION = A;
				GCC_DYNAMIC_NO_PIC = NO;
				GCC_ENABLE_OBJC_EXCEPTIONS = YES;
				GCC_PRECOMPILE_PREFIX_HEADER = YES;
				GCC_PREFIX_HEADER = "Objective Node/Objective Node-Prefix.pch";
				INFOPLIST_FILE = "Objective Node/Objective Node-Info.plist";
				PRODUCT_NAME = "$(TARGET_NAME)";
				WRAPPER_EXTENSION = framework;
			};
			name = Debug;
		};
		FD81C89213233F7600EB9C10 /* Release */ = {
			isa = XCBuildConfiguration;
			buildSettings = {
				ALWAYS_SEARCH_USER_PATHS = NO;
				COPY_PHASE_STRIP = YES;
				DEBUG_INFORMATION_FORMAT = "dwarf-with-dsym";
				DYLIB_COMPATIBILITY_VERSION = 1;
				DYLIB_CURRENT_VERSION = 1;
				FRAMEWORK_VERSION = A;
				GCC_ENABLE_OBJC_EXCEPTIONS = YES;
				GCC_PRECOMPILE_PREFIX_HEADER = YES;
				GCC_PREFIX_HEADER = "Objective Node/Objective Node-Prefix.pch";
				INFOPLIST_FILE = "Objective Node/Objective Node-Info.plist";
				PRODUCT_NAME = "$(TARGET_NAME)";
				WRAPPER_EXTENSION = framework;
			};
			name = Release;
		};
		FD81C89413233F7600EB9C10 /* Debug */ = {
			isa = XCBuildConfiguration;
			buildSettings = {
				ALWAYS_SEARCH_USER_PATHS = NO;
				COPY_PHASE_STRIP = NO;
				FRAMEWORK_SEARCH_PATHS = "$(DEVELOPER_LIBRARY_DIR)/Frameworks";
				GCC_DYNAMIC_NO_PIC = NO;
				GCC_ENABLE_OBJC_EXCEPTIONS = YES;
				GCC_PRECOMPILE_PREFIX_HEADER = YES;
				GCC_PREFIX_HEADER = "Objective NodeTests/Objective NodeTests-Prefix.pch";
				INFOPLIST_FILE = "Objective NodeTests/Objective NodeTests-Info.plist";
				OTHER_LDFLAGS = (
					"-framework",
					SenTestingKit,
				);
				PRODUCT_NAME = "$(TARGET_NAME)";
				WRAPPER_EXTENSION = octest;
			};
			name = Debug;
		};
		FD81C89513233F7600EB9C10 /* Release */ = {
			isa = XCBuildConfiguration;
			buildSettings = {
				ALWAYS_SEARCH_USER_PATHS = NO;
				COPY_PHASE_STRIP = YES;
				DEBUG_INFORMATION_FORMAT = "dwarf-with-dsym";
				FRAMEWORK_SEARCH_PATHS = "$(DEVELOPER_LIBRARY_DIR)/Frameworks";
				GCC_ENABLE_OBJC_EXCEPTIONS = YES;
				GCC_PRECOMPILE_PREFIX_HEADER = YES;
				GCC_PREFIX_HEADER = "Objective NodeTests/Objective NodeTests-Prefix.pch";
				INFOPLIST_FILE = "Objective NodeTests/Objective NodeTests-Info.plist";
				OTHER_LDFLAGS = (
					"-framework",
					SenTestingKit,
				);
				PRODUCT_NAME = "$(TARGET_NAME)";
				WRAPPER_EXTENSION = octest;
			};
			name = Release;
		};
/* End XCBuildConfiguration section */

/* Begin XCConfigurationList section */
		FD81C86213233F7600EB9C10 /* Build configuration list for PBXProject "Objective Node" */ = {
			isa = XCConfigurationList;
			buildConfigurations = (
				FD81C88E13233F7600EB9C10 /* Debug */,
				FD81C88F13233F7600EB9C10 /* Release */,
			);
			defaultConfigurationIsVisible = 0;
			defaultConfigurationName = Release;
		};
		FD81C89013233F7600EB9C10 /* Build configuration list for PBXNativeTarget "Objective Node" */ = {
			isa = XCConfigurationList;
			buildConfigurations = (
				FD81C89113233F7600EB9C10 /* Debug */,
				FD81C89213233F7600EB9C10 /* Release */,
			);
			defaultConfigurationIsVisible = 0;
		};
		FD81C89313233F7600EB9C10 /* Build configuration list for PBXNativeTarget "Objective NodeTests" */ = {
			isa = XCConfigurationList;
			buildConfigurations = (
				FD81C89413233F7600EB9C10 /* Debug */,
				FD81C89513233F7600EB9C10 /* Release */,
			);
			defaultConfigurationIsVisible = 0;
		};
/* End XCConfigurationList section */
	};
	rootObject = FD81C85F13233F7600EB9C10 /* Project object */;
}
